{
  "name": "static",
  "lockfileVersion": 3,
  "requires": true,
  "packages": {
    "": {
      "dependencies": {
        "css3": "^0.0.1"
      }
    },
    "node_modules/css3": {
      "version": "0.0.1",
      "resolved": "https://registry.npmjs.org/css3/-/css3-0.0.1.tgz",
      "integrity": "sha512-Ti860UXkgcqUkui5b20bUVbI/S/lyOQj8TVZ9cKfLwZnYScpyDLvkd+6DWU/T3xQrlfweAC/VQTV2u5wuE5I3g=="
    }
  }
}
